
Microsoft Visual Studio Solution File, Format Version 12.00
# Visual Studio Version 16
VisualStudioVersion = 16.0.29503.13
MinimumVisualStudioVersion = 10.0.40219.1
Project("{FAE04EC0-301F-11D3-BF4B-00C04F79EFBC}") = "Easy 3D Editor", "Easy 3D Editor\Easy 3D Editor.csproj", "{AC6D3F1A-A308-439D-ACC4-E4D340D2764A}"
EndProject
Project("{FAE04EC0-301F-11D3-BF4B-00C04F79EFBC}") = "WpfService", "WpfService\WpfService.csproj", "{C763BA0A-4FF2-4168-BCAC-045A063C759B}"
EndProject
Global
	GlobalSection(SolutionConfigurationPlatforms) = preSolution
		Debug|Any CPU = Debug|Any CPU
		Release|Any CPU = Release|Any CPU
	EndGlobalSection
	GlobalSection(ProjectConfigurationPlatforms) = postSolution
		{AC6D3F1A-A308-439D-ACC4-E4D340D2764A}.Debug|Any CPU.ActiveCfg = Debug|Any CPU
		{AC6D3F1A-A308-439D-ACC4-E4D340D2764A}.Debug|Any CPU.Build.0 = Debug|Any CPU
		{AC6D3F1A-A308-439D-ACC4-E4D340D2764A}.Release|Any CPU.ActiveCfg = Release|Any CPU
		{AC6D3F1A-A308-439D-ACC4-E4D340D2764A}.Release|Any CPU.Build.0 = Release|Any CPU
		{C763BA0A-4FF2-4168-BCAC-045A063C759B}.Debug|Any CPU.ActiveCfg = Debug|Any CPU
		{C763BA0A-4FF2-4168-BCAC-045A063C759B}.Debug|Any CPU.Build.0 = Debug|Any CPU
		{C763BA0A-4FF2-4168-BCAC-045A063C759B}.Release|Any CPU.ActiveCfg = Release|Any CPU
		{C763BA0A-4FF2-4168-BCAC-045A063C759B}.Release|Any CPU.Build.0 = Release|Any CPU
	EndGlobalSection
	GlobalSection(SolutionProperties) = preSolution
		HideSolutionNode = FALSE
	EndGlobalSection
	GlobalSection(ExtensibilityGlobals) = postSolution
		SolutionGuid = {31DBBF3B-3FEA-4200-AC90-2B2D3C7DCB0D}
	EndGlobalSection
EndGlobal
